
Microsoft Visual Studio Solution File, Format Version 12.00
# Visual Studio Version 17
VisualStudioVersion = 17.0.31825.309
MinimumVisualStudioVersion = 10.0.40219.1
Project("{9A19103F-16F7-4668-BE54-9A1E7A4F7556}") = "Deployf.Botf", "Deployf.Botf\Deployf.Botf.csproj", "{12340694-6D47-4369-A415-B260AC1BB786}"
EndProject
Project("{9A19103F-16F7-4668-BE54-9A1E7A4F7556}") = "Deployf.Botf.PingExample", "Examples\Deployf.Botf.PingExample\Deployf.Botf.PingExample.csproj", "{47E35AD3-9A22-4E08-8ECA-F9FE5DD58859}"
EndProject
Project("{9A19103F-16F7-4668-BE54-9A1E7A4F7556}") = "Deployf.Botf.HelloExample", "Examples\Deployf.Botf.HelloExample\Deployf.Botf.HelloExample.csproj", "{90E0B4C5-D15B-4AD9-A824-C6E399BFDFDE}"
EndProject
Project("{2150E333-8FDC-42A3-9474-1A3956D46DE8}") = "Solution Items", "Solution Items", "{2A7805FD-58B0-40E8-9B6D-11EF08D5BE75}"
	ProjectSection(SolutionItems) = preProject
		.github\workflows\dotnet.yml = .github\workflows\dotnet.yml
		build\GetBuildVersion.psm1 = build\GetBuildVersion.psm1
		.github\workflows\release.yml = .github\workflows\release.yml
	EndProjectSection
EndProject
Project("{9A19103F-16F7-4668-BE54-9A1E7A4F7556}") = "Deployf.Botf.ScheduleExample", "Examples\Deployf.Botf.ScheduleExample\Deployf.Botf.ScheduleExample.csproj", "{BFF978FE-1BDF-4689-9804-4061CE796789}"
EndProject
Project("{9A19103F-16F7-4668-BE54-9A1E7A4F7556}") = "Deployf.Botf.CalendarKeyboardExample", "Examples\Deployf.Botf.CalendarKeyboardExample\Deployf.Botf.CalendarKeyboardExample.csproj", "{11C5461F-E23A-444F-B0D7-224C09AC7127}"
EndProject
Project("{9A19103F-16F7-4668-BE54-9A1E7A4F7556}") = "Deployf.Botf.ReminderBot", "Examples\Deployf.Botf.ReminderBot\Deployf.Botf.ReminderBot.csproj", "{DF8A99F9-EF40-4319-BEDE-EAC5447FD62C}"
EndProject
Project("{9A19103F-16F7-4668-BE54-9A1E7A4F7556}") = "Deployf.Botf.GlobalStateMachineExample", "Examples\Deployf.Botf.GlobalStateMachineExample\Deployf.Botf.GlobalStateMachineExample.csproj", "{D3552144-80A0-4C3B-A0ED-A4A03691466B}"
EndProject
Project("{9A19103F-16F7-4668-BE54-9A1E7A4F7556}") = "Deployf.Botf.ChainedExample", "Examples\Deployf.Botf.ChainedExample\Deployf.Botf.ChainedExample.csproj", "{7E6BE982-6DCF-4CCB-AF7E-80CD5F90ED00}"
EndProject
Project("{2150E333-8FDC-42A3-9474-1A3956D46DE8}") = "Examples", "Examples", "{90A07D9F-B417-4D28-BC58-5D987CB90430}"
EndProject
Project("{9A19103F-16F7-4668-BE54-9A1E7A4F7556}") = "Deployf.Botf.ActionButtonsExample", "Examples\Deployf.Botf.ActionButtonsExample\Deployf.Botf.ActionButtonsExample.csproj", "{7F105B52-AC24-416A-BAF5-12F5430BBCC2}"
EndProject
Project("{FAE04EC0-301F-11D3-BF4B-00C04F79EFBC}") = "Deployf.Botf.MediaExample", "Examples\Deployf.Botf.MediaExample\Deployf.Botf.MediaExample.csproj", "{F3B7EFA5-02B0-4970-9FAA-E4DD7D44C45E}"
EndProject
Project("{FAE04EC0-301F-11D3-BF4B-00C04F79EFBC}") = "Deployf.Botf.WebAppExample", "Examples\Deployf.Botf.WebAppExample\Deployf.Botf.WebAppExample.csproj", "{3C21F035-1A68-4782-B985-7BEB3600B501}"
EndProject
Global
	GlobalSection(SolutionConfigurationPlatforms) = preSolution
		Debug|Any CPU = Debug|Any CPU
		Release|Any CPU = Release|Any CPU
	EndGlobalSection
	GlobalSection(ProjectConfigurationPlatforms) = postSolution
		{12340694-6D47-4369-A415-B260AC1BB786}.Debug|Any CPU.ActiveCfg = Debug|Any CPU
		{12340694-6D47-4369-A415-B260AC1BB786}.Debug|Any CPU.Build.0 = Debug|Any CPU
		{12340694-6D47-4369-A415-B260AC1BB786}.Release|Any CPU.ActiveCfg = Release|Any CPU
		{12340694-6D47-4369-A415-B260AC1BB786}.Release|Any CPU.Build.0 = Release|Any CPU
		{47E35AD3-9A22-4E08-8ECA-F9FE5DD58859}.Debug|Any CPU.ActiveCfg = Debug|Any CPU
		{47E35AD3-9A22-4E08-8ECA-F9FE5DD58859}.Debug|Any CPU.Build.0 = Debug|Any CPU
		{47E35AD3-9A22-4E08-8ECA-F9FE5DD58859}.Release|Any CPU.ActiveCfg = Release|Any CPU
		{47E35AD3-9A22-4E08-8ECA-F9FE5DD58859}.Release|Any CPU.Build.0 = Release|Any CPU
		{90E0B4C5-D15B-4AD9-A824-C6E399BFDFDE}.Debug|Any CPU.ActiveCfg = Debug|Any CPU
		{90E0B4C5-D15B-4AD9-A824-C6E399BFDFDE}.Debug|Any CPU.Build.0 = Debug|Any CPU
		{90E0B4C5-D15B-4AD9-A824-C6E399BFDFDE}.Release|Any CPU.ActiveCfg = Release|Any CPU
		{90E0B4C5-D15B-4AD9-A824-C6E399BFDFDE}.Release|Any CPU.Build.0 = Release|Any CPU
		{BFF978FE-1BDF-4689-9804-4061CE796789}.Debug|Any CPU.ActiveCfg = Debug|Any CPU
		{BFF978FE-1BDF-4689-9804-4061CE796789}.Debug|Any CPU.Build.0 = Debug|Any CPU
		{BFF978FE-1BDF-4689-9804-4061CE796789}.Release|Any CPU.ActiveCfg = Release|Any CPU
		{BFF978FE-1BDF-4689-9804-4061CE796789}.Release|Any CPU.Build.0 = Release|Any CPU
		{11C5461F-E23A-444F-B0D7-224C09AC7127}.Debug|Any CPU.ActiveCfg = Debug|Any CPU
		{11C5461F-E23A-444F-B0D7-224C09AC7127}.Debug|Any CPU.Build.0 = Debug|Any CPU
		{11C5461F-E23A-444F-B0D7-224C09AC7127}.Release|Any CPU.ActiveCfg = Release|Any CPU
		{11C5461F-E23A-444F-B0D7-224C09AC7127}.Release|Any CPU.Build.0 = Release|Any CPU
		{DF8A99F9-EF40-4319-BEDE-EAC5447FD62C}.Debug|Any CPU.ActiveCfg = Debug|Any CPU
		{DF8A99F9-EF40-4319-BEDE-EAC5447FD62C}.Debug|Any CPU.Build.0 = Debug|Any CPU
		{DF8A99F9-EF40-4319-BEDE-EAC5447FD62C}.Release|Any CPU.ActiveCfg = Release|Any CPU
		{DF8A99F9-EF40-4319-BEDE-EAC5447FD62C}.Release|Any CPU.Build.0 = Release|Any CPU
		{D3552144-80A0-4C3B-A0ED-A4A03691466B}.Debug|Any CPU.ActiveCfg = Debug|Any CPU
		{D3552144-80A0-4C3B-A0ED-A4A03691466B}.Debug|Any CPU.Build.0 = Debug|Any CPU
		{D3552144-80A0-4C3B-A0ED-A4A03691466B}.Release|Any CPU.ActiveCfg = Release|Any CPU
		{D3552144-80A0-4C3B-A0ED-A4A03691466B}.Release|Any CPU.Build.0 = Release|Any CPU
		{7E6BE982-6DCF-4CCB-AF7E-80CD5F90ED00}.Debug|Any CPU.ActiveCfg = Debug|Any CPU
		{7E6BE982-6DCF-4CCB-AF7E-80CD5F90ED00}.Debug|Any CPU.Build.0 = Debug|Any CPU
		{7E6BE982-6DCF-4CCB-AF7E-80CD5F90ED00}.Release|Any CPU.ActiveCfg = Release|Any CPU
		{7E6BE982-6DCF-4CCB-AF7E-80CD5F90ED00}.Release|Any CPU.Build.0 = Release|Any CPU
		{7F105B52-AC24-416A-BAF5-12F5430BBCC2}.Debug|Any CPU.ActiveCfg = Debug|Any CPU
		{7F105B52-AC24-416A-BAF5-12F5430BBCC2}.Debug|Any CPU.Build.0 = Debug|Any CPU
		{7F105B52-AC24-416A-BAF5-12F5430BBCC2}.Release|Any CPU.ActiveCfg = Release|Any CPU
		{7F105B52-AC24-416A-BAF5-12F5430BBCC2}.Release|Any CPU.Build.0 = Release|Any CPU
		{F3B7EFA5-02B0-4970-9FAA-E4DD7D44C45E}.Debug|Any CPU.ActiveCfg = Debug|Any CPU
		{F3B7EFA5-02B0-4970-9FAA-E4DD7D44C45E}.Debug|Any CPU.Build.0 = Debug|Any CPU
		{F3B7EFA5-02B0-4970-9FAA-E4DD7D44C45E}.Release|Any CPU.ActiveCfg = Release|Any CPU
		{F3B7EFA5-02B0-4970-9FAA-E4DD7D44C45E}.Release|Any CPU.Build.0 = Release|Any CPU
		{3C21F035-1A68-4782-B985-7BEB3600B501}.Debug|Any CPU.ActiveCfg = Debug|Any CPU
		{3C21F035-1A68-4782-B985-7BEB3600B501}.Debug|Any CPU.Build.0 = Debug|Any CPU
		{3C21F035-1A68-4782-B985-7BEB3600B501}.Release|Any CPU.ActiveCfg = Release|Any CPU
		{3C21F035-1A68-4782-B985-7BEB3600B501}.Release|Any CPU.Build.0 = Release|Any CPU
	EndGlobalSection
	GlobalSection(SolutionProperties) = preSolution
		HideSolutionNode = FALSE
	EndGlobalSection
	GlobalSection(NestedProjects) = preSolution
		{47E35AD3-9A22-4E08-8ECA-F9FE5DD58859} = {90A07D9F-B417-4D28-BC58-5D987CB90430}
		{90E0B4C5-D15B-4AD9-A824-C6E399BFDFDE} = {90A07D9F-B417-4D28-BC58-5D987CB90430}
		{BFF978FE-1BDF-4689-9804-4061CE796789} = {90A07D9F-B417-4D28-BC58-5D987CB90430}
		{11C5461F-E23A-444F-B0D7-224C09AC7127} = {90A07D9F-B417-4D28-BC58-5D987CB90430}
		{DF8A99F9-EF40-4319-BEDE-EAC5447FD62C} = {90A07D9F-B417-4D28-BC58-5D987CB90430}
		{D3552144-80A0-4C3B-A0ED-A4A03691466B} = {90A07D9F-B417-4D28-BC58-5D987CB90430}
		{7E6BE982-6DCF-4CCB-AF7E-80CD5F90ED00} = {90A07D9F-B417-4D28-BC58-5D987CB90430}
		{7F105B52-AC24-416A-BAF5-12F5430BBCC2} = {90A07D9F-B417-4D28-BC58-5D987CB90430}
		{F3B7EFA5-02B0-4970-9FAA-E4DD7D44C45E} = {90A07D9F-B417-4D28-BC58-5D987CB90430}
		{3C21F035-1A68-4782-B985-7BEB3600B501} = {90A07D9F-B417-4D28-BC58-5D987CB90430}
	EndGlobalSection
	GlobalSection(ExtensibilityGlobals) = postSolution
		SolutionGuid = {558E8FF9-5AE8-4471-BF84-D79F5B0E91FB}
	EndGlobalSection
EndGlobal
